// !$*UTF8*$!
{
	archiveVersion = 1;
	classes = {
	};
	objectVersion = 46;
	objects = {

/* Begin PBXBuildFile section */
		062E2C881EA45D4F0040DD85 /* DesignPatternModel.m in Sources */ = {isa = PBXBuildFile; fileRef = 062E2C871EA45D4F0040DD85 /* DesignPatternModel.m */; };
		062E2C8A1EA4615E0040DD85 /* DesignPatternList.plist in Resources */ = {isa = PBXBuildFile; fileRef = 062E2C891EA4615E0040DD85 /* DesignPatternList.plist */; };
		062E2C8D1EA49E760040DD85 /* DesignPatternCollectionViewCell.m in Sources */ = {isa = PBXBuildFile; fileRef = 062E2C8C1EA49E760040DD85 /* DesignPatternCollectionViewCell.m */; };
		062E2CA01EA5E9270040DD85 /* zDesignPattern_OCTests.m in Sources */ = {isa = PBXBuildFile; fileRef = 062E2C9F1EA5E9270040DD85 /* zDesignPattern_OCTests.m */; };
		062E2CA91EA5ED200040DD85 /* DesignPatternHeaderCollectionReusableView.m in Sources */ = {isa = PBXBuildFile; fileRef = 062E2CA81EA5ED200040DD85 /* DesignPatternHeaderCollectionReusableView.m */; };
		06446ACF1EA712D600C0C534 /* Chart.m in Sources */ = {isa = PBXBuildFile; fileRef = 06446ACE1EA712D600C0C534 /* Chart.m */; };
		06446AD21EA7138200C0C534 /* HistogramChart.m in Sources */ = {isa = PBXBuildFile; fileRef = 06446AD11EA7138200C0C534 /* HistogramChart.m */; };
		06446AD51EA713E100C0C534 /* PieChart.m in Sources */ = {isa = PBXBuildFile; fileRef = 06446AD41EA713E100C0C534 /* PieChart.m */; };
		06446AD81EA714B300C0C534 /* ChartFactory.m in Sources */ = {isa = PBXBuildFile; fileRef = 06446AD71EA714B300C0C534 /* ChartFactory.m */; };
		06446B3B1EA7332500C0C534 /* zDesignPatternBaseViewController.m in Sources */ = {isa = PBXBuildFile; fileRef = 06446B3A1EA7332500C0C534 /* zDesignPatternBaseViewController.m */; };
		06446B3E1EA7336A00C0C534 /* SimpleFactoryViewController.m in Sources */ = {isa = PBXBuildFile; fileRef = 06446B3D1EA7336A00C0C534 /* SimpleFactoryViewController.m */; };
		06446B411EA738F500C0C534 /* DesignPatternVCFactory.m in Sources */ = {isa = PBXBuildFile; fileRef = 06446B401EA738F500C0C534 /* DesignPatternVCFactory.m */; };
		06446B481EA748C800C0C534 /* Logger.m in Sources */ = {isa = PBXBuildFile; fileRef = 06446B471EA748C800C0C534 /* Logger.m */; };
		06446B4B1EA74BE600C0C534 /* DatabaseLogger.m in Sources */ = {isa = PBXBuildFile; fileRef = 06446B4A1EA74BE600C0C534 /* DatabaseLogger.m */; };
		06446B4E1EA74D6500C0C534 /* FileLogger.m in Sources */ = {isa = PBXBuildFile; fileRef = 06446B4D1EA74D6500C0C534 /* FileLogger.m */; };
		06446B511EA74DA800C0C534 /* LoggerFactory.m in Sources */ = {isa = PBXBuildFile; fileRef = 06446B501EA74DA800C0C534 /* LoggerFactory.m */; };
		06446B571EA74ED000C0C534 /* DataBaseLoggerFactory.m in Sources */ = {isa = PBXBuildFile; fileRef = 06446B561EA74ED000C0C534 /* DataBaseLoggerFactory.m */; };
		06446B5A1EA74F3200C0C534 /* FileLoggerFactory.m in Sources */ = {isa = PBXBuildFile; fileRef = 06446B591EA74F3200C0C534 /* FileLoggerFactory.m */; };
		06446B5D1EA7511F00C0C534 /* FactoryMethodViewController.m in Sources */ = {isa = PBXBuildFile; fileRef = 06446B5C1EA7511F00C0C534 /* FactoryMethodViewController.m */; };
		06446B641EA75B9000C0C534 /* DPButton.m in Sources */ = {isa = PBXBuildFile; fileRef = 06446B631EA75B9000C0C534 /* DPButton.m */; };
		06446B731EA75CF300C0C534 /* DPTextField.m in Sources */ = {isa = PBXBuildFile; fileRef = 06446B6E1EA75CF300C0C534 /* DPTextField.m */; };
		06446B741EA75CF300C0C534 /* DPComboBox.m in Sources */ = {isa = PBXBuildFile; fileRef = 06446B721EA75CF300C0C534 /* DPComboBox.m */; };
		06446B771EA75D2600C0C534 /* SpringButton.m in Sources */ = {isa = PBXBuildFile; fileRef = 06446B761EA75D2600C0C534 /* SpringButton.m */; };
		06446B7A1EA75D4200C0C534 /* SummerButton.m in Sources */ = {isa = PBXBuildFile; fileRef = 06446B791EA75D4200C0C534 /* SummerButton.m */; };
		06446B7D1EA75DAB00C0C534 /* SpringTextField.m in Sources */ = {isa = PBXBuildFile; fileRef = 06446B7C1EA75DAB00C0C534 /* SpringTextField.m */; };
		06446B801EA75DBD00C0C534 /* SummerTextField.m in Sources */ = {isa = PBXBuildFile; fileRef = 06446B7F1EA75DBD00C0C534 /* SummerTextField.m */; };
		06446B831EA75E5700C0C534 /* SpringComboBox.m in Sources */ = {isa = PBXBuildFile; fileRef = 06446B821EA75E5700C0C534 /* SpringComboBox.m */; };
		06446B861EA75E6F00C0C534 /* SummerComboBox.m in Sources */ = {isa = PBXBuildFile; fileRef = 06446B851EA75E6F00C0C534 /* SummerComboBox.m */; };
		06446B891EA75F0600C0C534 /* SkinFactory.m in Sources */ = {isa = PBXBuildFile; fileRef = 06446B881EA75F0600C0C534 /* SkinFactory.m */; };
		06446B8C1EA762B800C0C534 /* SpringSkinFactory.m in Sources */ = {isa = PBXBuildFile; fileRef = 06446B8B1EA762B800C0C534 /* SpringSkinFactory.m */; };
		06446B8F1EA762CD00C0C534 /* SummerSkinFactory.m in Sources */ = {isa = PBXBuildFile; fileRef = 06446B8E1EA762CD00C0C534 /* SummerSkinFactory.m */; };
		06446B921EA7649E00C0C534 /* AbstractFactoryViewController.m in Sources */ = {isa = PBXBuildFile; fileRef = 06446B911EA7649E00C0C534 /* AbstractFactoryViewController.m */; };
		06446B961EA7699900C0C534 /* LoadBalancer.m in Sources */ = {isa = PBXBuildFile; fileRef = 06446B951EA7699900C0C534 /* LoadBalancer.m */; };
		06446B991EA76BCD00C0C534 /* SingletonViewController.m in Sources */ = {isa = PBXBuildFile; fileRef = 06446B981EA76BCD00C0C534 /* SingletonViewController.m */; };
		06446B9F1EA97C8C00C0C534 /* WeeklyLog.m in Sources */ = {isa = PBXBuildFile; fileRef = 06446B9E1EA97C8C00C0C534 /* WeeklyLog.m */; };
		06446BA21EA97F9000C0C534 /* PrototypeViewController.m in Sources */ = {isa = PBXBuildFile; fileRef = 06446BA11EA97F9000C0C534 /* PrototypeViewController.m */; };
		06446BB81EAB111E00C0C534 /* ActorController.m in Sources */ = {isa = PBXBuildFile; fileRef = 06446BB71EAB111E00C0C534 /* ActorController.m */; };
		06446BBB1EAB113700C0C534 /* Actor.m in Sources */ = {isa = PBXBuildFile; fileRef = 06446BBA1EAB113700C0C534 /* Actor.m */; };
		06446BBE1EAB11C500C0C534 /* ActorBuilder.m in Sources */ = {isa = PBXBuildFile; fileRef = 06446BBD1EAB11C500C0C534 /* ActorBuilder.m */; };
		06446BC11EAB11F400C0C534 /* HeroBuilder.m in Sources */ = {isa = PBXBuildFile; fileRef = 06446BC01EAB11F400C0C534 /* HeroBuilder.m */; };
		06446BC41EAB122200C0C534 /* AngelBuilder.m in Sources */ = {isa = PBXBuildFile; fileRef = 06446BC31EAB122200C0C534 /* AngelBuilder.m */; };
		06446BC71EAB123600C0C534 /* DevilBuilder.m in Sources */ = {isa = PBXBuildFile; fileRef = 06446BC61EAB123600C0C534 /* DevilBuilder.m */; };
		06446BCA1EAB19C200C0C534 /* BuilderViewController.m in Sources */ = {isa = PBXBuildFile; fileRef = 06446BC91EAB19C200C0C534 /* BuilderViewController.m */; };
		06446BD01EAB54AB00C0C534 /* ScoreOperation.m in Sources */ = {isa = PBXBuildFile; fileRef = 06446BCF1EAB54AB00C0C534 /* ScoreOperation.m */; };
		06446BD31EAB55C900C0C534 /* QuickSort.m in Sources */ = {isa = PBXBuildFile; fileRef = 06446BD21EAB55C900C0C534 /* QuickSort.m */; };
		06446BD61EAB5C8000C0C534 /* BinarySearch.m in Sources */ = {isa = PBXBuildFile; fileRef = 06446BD51EAB5C8000C0C534 /* BinarySearch.m */; };
		06446BD91EAB659700C0C534 /* OperationAdapter.m in Sources */ = {isa = PBXBuildFile; fileRef = 06446BD81EAB659700C0C534 /* OperationAdapter.m */; };
		06446BDC1EAB68AF00C0C534 /* AdapterViewController.m in Sources */ = {isa = PBXBuildFile; fileRef = 06446BDB1EAB68AF00C0C534 /* AdapterViewController.m */; };
		06A7EAD41E9A3B5D0054D69D /* main.m in Sources */ = {isa = PBXBuildFile; fileRef = 06A7EAD31E9A3B5D0054D69D /* main.m */; };
		06A7EAD71E9A3B5D0054D69D /* AppDelegate.m in Sources */ = {isa = PBXBuildFile; fileRef = 06A7EAD61E9A3B5D0054D69D /* AppDelegate.m */; };
		06A7EADF1E9A3B5D0054D69D /* Assets.xcassets in Resources */ = {isa = PBXBuildFile; fileRef = 06A7EADE1E9A3B5D0054D69D /* Assets.xcassets */; };
		06A7EAE21E9A3B5D0054D69D /* LaunchScreen.storyboard in Resources */ = {isa = PBXBuildFile; fileRef = 06A7EAE01E9A3B5D0054D69D /* LaunchScreen.storyboard */; };
		06A7EAF81E9B126F0054D69D /* HomeViewController.m in Sources */ = {isa = PBXBuildFile; fileRef = 06A7EAF61E9B126F0054D69D /* HomeViewController.m */; };
		06A7EB4A1E9CE3870054D69D /* DesignPatternViewModel.m in Sources */ = {isa = PBXBuildFile; fileRef = 06A7EB491E9CE3870054D69D /* DesignPatternViewModel.m */; };
/* End PBXBuildFile section */

/* Begin PBXContainerItemProxy section */
		062E2CA21EA5E9270040DD85 /* PBXContainerItemProxy */ = {
			isa = PBXContainerItemProxy;
			containerPortal = 06A7EAC71E9A3B5D0054D69D /* Project object */;
			proxyType = 1;
			remoteGlobalIDString = 06A7EACE1E9A3B5D0054D69D;
			remoteInfo = "zDesignPattern-OC";
		};
/* End PBXContainerItemProxy section */

/* Begin PBXFileReference section */
		062E2C861EA45D4F0040DD85 /* DesignPatternModel.h */ = {isa = PBXFileReference; fileEncoding = 4; lastKnownFileType = sourcecode.c.h; path = DesignPatternModel.h; sourceTree = "<group>"; };
		062E2C871EA45D4F0040DD85 /* DesignPatternModel.m */ = {isa = PBXFileReference; fileEncoding = 4; lastKnownFileType = sourcecode.c.objc; path = DesignPatternModel.m; sourceTree = "<group>"; };
		062E2C891EA4615E0040DD85 /* DesignPatternList.plist */ = {isa = PBXFileReference; fileEncoding = 4; lastKnownFileType = text.plist.xml; path = DesignPatternList.plist; sourceTree = "<group>"; };
		062E2C8B1EA49E760040DD85 /* DesignPatternCollectionViewCell.h */ = {isa = PBXFileReference; fileEncoding = 4; lastKnownFileType = sourcecode.c.h; path = DesignPatternCollectionViewCell.h; sourceTree = "<group>"; };
		062E2C8C1EA49E760040DD85 /* DesignPatternCollectionViewCell.m */ = {isa = PBXFileReference; fileEncoding = 4; lastKnownFileType = sourcecode.c.objc; path = DesignPatternCollectionViewCell.m; sourceTree = "<group>"; };
		062E2C9D1EA5E9270040DD85 /* zDesignPattern-OCTests.xctest */ = {isa = PBXFileReference; explicitFileType = wrapper.cfbundle; includeInIndex = 0; path = "zDesignPattern-OCTests.xctest"; sourceTree = BUILT_PRODUCTS_DIR; };
		062E2C9F1EA5E9270040DD85 /* zDesignPattern_OCTests.m */ = {isa = PBXFileReference; lastKnownFileType = sourcecode.c.objc; path = zDesignPattern_OCTests.m; sourceTree = "<group>"; };
		062E2CA11EA5E9270040DD85 /* Info.plist */ = {isa = PBXFileReference; lastKnownFileType = text.plist.xml; path = Info.plist; sourceTree = "<group>"; };
		062E2CA71EA5ED200040DD85 /* DesignPatternHeaderCollectionReusableView.h */ = {isa = PBXFileReference; fileEncoding = 4; lastKnownFileType = sourcecode.c.h; path = DesignPatternHeaderCollectionReusableView.h; sourceTree = "<group>"; };
		062E2CA81EA5ED200040DD85 /* DesignPatternHeaderCollectionReusableView.m */ = {isa = PBXFileReference; fileEncoding = 4; lastKnownFileType = sourcecode.c.objc; path = DesignPatternHeaderCollectionReusableView.m; sourceTree = "<group>"; };
		06446ACD1EA712D600C0C534 /* Chart.h */ = {isa = PBXFileReference; fileEncoding = 4; lastKnownFileType = sourcecode.c.h; path = Chart.h; sourceTree = "<group>"; };
		06446ACE1EA712D600C0C534 /* Chart.m */ = {isa = PBXFileReference; fileEncoding = 4; lastKnownFileType = sourcecode.c.objc; path = Chart.m; sourceTree = "<group>"; };
		06446AD01EA7138200C0C534 /* HistogramChart.h */ = {isa = PBXFileReference; fileEncoding = 4; lastKnownFileType = sourcecode.c.h; path = HistogramChart.h; sourceTree = "<group>"; };
		06446AD11EA7138200C0C534 /* HistogramChart.m */ = {isa = PBXFileReference; fileEncoding = 4; lastKnownFileType = sourcecode.c.objc; path = HistogramChart.m; sourceTree = "<group>"; };
		06446AD31EA713E100C0C534 /* PieChart.h */ = {isa = PBXFileReference; fileEncoding = 4; lastKnownFileType = sourcecode.c.h; path = PieChart.h; sourceTree = "<group>"; };
		06446AD41EA713E100C0C534 /* PieChart.m */ = {isa = PBXFileReference; fileEncoding = 4; lastKnownFileType = sourcecode.c.objc; path = PieChart.m; sourceTree = "<group>"; };
		06446AD61EA714B300C0C534 /* ChartFactory.h */ = {isa = PBXFileReference; fileEncoding = 4; lastKnownFileType = sourcecode.c.h; path = ChartFactory.h; sourceTree = "<group>"; };
		06446AD71EA714B300C0C534 /* ChartFactory.m */ = {isa = PBXFileReference; fileEncoding = 4; lastKnownFileType = sourcecode.c.objc; path = ChartFactory.m; sourceTree = "<group>"; };
		06446B391EA7332500C0C534 /* zDesignPatternBaseViewController.h */ = {isa = PBXFileReference; fileEncoding = 4; lastKnownFileType = sourcecode.c.h; path = zDesignPatternBaseViewController.h; sourceTree = "<group>"; };
		06446B3A1EA7332500C0C534 /* zDesignPatternBaseViewController.m */ = {isa = PBXFileReference; fileEncoding = 4; lastKnownFileType = sourcecode.c.objc; path = zDesignPatternBaseViewController.m; sourceTree = "<group>"; };
		06446B3C1EA7336A00C0C534 /* SimpleFactoryViewController.h */ = {isa = PBXFileReference; fileEncoding = 4; lastKnownFileType = sourcecode.c.h; path = SimpleFactoryViewController.h; sourceTree = "<group>"; };
		06446B3D1EA7336A00C0C534 /* SimpleFactoryViewController.m */ = {isa = PBXFileReference; fileEncoding = 4; lastKnownFileType = sourcecode.c.objc; path = SimpleFactoryViewController.m; sourceTree = "<group>"; };
		06446B3F1EA738F500C0C534 /* DesignPatternVCFactory.h */ = {isa = PBXFileReference; fileEncoding = 4; lastKnownFileType = sourcecode.c.h; path = DesignPatternVCFactory.h; sourceTree = "<group>"; };
		06446B401EA738F500C0C534 /* DesignPatternVCFactory.m */ = {isa = PBXFileReference; fileEncoding = 4; lastKnownFileType = sourcecode.c.objc; path = DesignPatternVCFactory.m; sourceTree = "<group>"; };
		06446B461EA748C800C0C534 /* Logger.h */ = {isa = PBXFileReference; fileEncoding = 4; lastKnownFileType = sourcecode.c.h; path = Logger.h; sourceTree = "<group>"; };
		06446B471EA748C800C0C534 /* Logger.m */ = {isa = PBXFileReference; fileEncoding = 4; lastKnownFileType = sourcecode.c.objc; path = Logger.m; sourceTree = "<group>"; };
		06446B491EA74BE600C0C534 /* DatabaseLogger.h */ = {isa = PBXFileReference; fileEncoding = 4; lastKnownFileType = sourcecode.c.h; path = DatabaseLogger.h; sourceTree = "<group>"; };
		06446B4A1EA74BE600C0C534 /* DatabaseLogger.m */ = {isa = PBXFileReference; fileEncoding = 4; lastKnownFileType = sourcecode.c.objc; path = DatabaseLogger.m; sourceTree = "<group>"; };
		06446B4C1EA74D6500C0C534 /* FileLogger.h */ = {isa = PBXFileReference; fileEncoding = 4; lastKnownFileType = sourcecode.c.h; path = FileLogger.h; sourceTree = "<group>"; };
		06446B4D1EA74D6500C0C534 /* FileLogger.m */ = {isa = PBXFileReference; fileEncoding = 4; lastKnownFileType = sourcecode.c.objc; path = FileLogger.m; sourceTree = "<group>"; };
		06446B4F1EA74DA800C0C534 /* LoggerFactory.h */ = {isa = PBXFileReference; fileEncoding = 4; lastKnownFileType = sourcecode.c.h; path = LoggerFactory.h; sourceTree = "<group>"; };
		06446B501EA74DA800C0C534 /* LoggerFactory.m */ = {isa = PBXFileReference; fileEncoding = 4; lastKnownFileType = sourcecode.c.objc; path = LoggerFactory.m; sourceTree = "<group>"; };
		06446B551EA74ED000C0C534 /* DataBaseLoggerFactory.h */ = {isa = PBXFileReference; fileEncoding = 4; lastKnownFileType = sourcecode.c.h; path = DataBaseLoggerFactory.h; sourceTree = "<group>"; };
		06446B561EA74ED000C0C534 /* DataBaseLoggerFactory.m */ = {isa = PBXFileReference; fileEncoding = 4; lastKnownFileType = sourcecode.c.objc; path = DataBaseLoggerFactory.m; sourceTree = "<group>"; };
		06446B581EA74F3200C0C534 /* FileLoggerFactory.h */ = {isa = PBXFileReference; fileEncoding = 4; lastKnownFileType = sourcecode.c.h; path = FileLoggerFactory.h; sourceTree = "<group>"; };
		06446B591EA74F3200C0C534 /* FileLoggerFactory.m */ = {isa = PBXFileReference; fileEncoding = 4; lastKnownFileType = sourcecode.c.objc; path = FileLoggerFactory.m; sourceTree = "<group>"; };
		06446B5B1EA7511F00C0C534 /* FactoryMethodViewController.h */ = {isa = PBXFileReference; fileEncoding = 4; lastKnownFileType = sourcecode.c.h; path = FactoryMethodViewController.h; sourceTree = "<group>"; };
		06446B5C1EA7511F00C0C534 /* FactoryMethodViewController.m */ = {isa = PBXFileReference; fileEncoding = 4; lastKnownFileType = sourcecode.c.objc; path = FactoryMethodViewController.m; sourceTree = "<group>"; };
		06446B621EA75B9000C0C534 /* DPButton.h */ = {isa = PBXFileReference; fileEncoding = 4; lastKnownFileType = sourcecode.c.h; path = DPButton.h; sourceTree = "<group>"; };
		06446B631EA75B9000C0C534 /* DPButton.m */ = {isa = PBXFileReference; fileEncoding = 4; lastKnownFileType = sourcecode.c.objc; path = DPButton.m; sourceTree = "<group>"; };
		06446B6D1EA75CF300C0C534 /* DPTextField.h */ = {isa = PBXFileReference; fileEncoding = 4; lastKnownFileType = sourcecode.c.h; path = DPTextField.h; sourceTree = "<group>"; };
		06446B6E1EA75CF300C0C534 /* DPTextField.m */ = {isa = PBXFileReference; fileEncoding = 4; lastKnownFileType = sourcecode.c.objc; path = DPTextField.m; sourceTree = "<group>"; };
		06446B711EA75CF300C0C534 /* DPComboBox.h */ = {isa = PBXFileReference; fileEncoding = 4; lastKnownFileType = sourcecode.c.h; path = DPComboBox.h; sourceTree = "<group>"; };
		06446B721EA75CF300C0C534 /* DPComboBox.m */ = {isa = PBXFileReference; fileEncoding = 4; lastKnownFileType = sourcecode.c.objc; path = DPComboBox.m; sourceTree = "<group>"; };
		06446B751EA75D2600C0C534 /* SpringButton.h */ = {isa = PBXFileReference; fileEncoding = 4; lastKnownFileType = sourcecode.c.h; path = SpringButton.h; sourceTree = "<group>"; };
		06446B761EA75D2600C0C534 /* SpringButton.m */ = {isa = PBXFileReference; fileEncoding = 4; lastKnownFileType = sourcecode.c.objc; path = SpringButton.m; sourceTree = "<group>"; };
		06446B781EA75D4200C0C534 /* SummerButton.h */ = {isa = PBXFileReference; fileEncoding = 4; lastKnownFileType = sourcecode.c.h; path = SummerButton.h; sourceTree = "<group>"; };
		06446B791EA75D4200C0C534 /* SummerButton.m */ = {isa = PBXFileReference; fileEncoding = 4; lastKnownFileType = sourcecode.c.objc; path = SummerButton.m; sourceTree = "<group>"; };
		06446B7B1EA75DAB00C0C534 /* SpringTextField.h */ = {isa = PBXFileReference; fileEncoding = 4; lastKnownFileType = sourcecode.c.h; path = SpringTextField.h; sourceTree = "<group>"; };
		06446B7C1EA75DAB00C0C534 /* SpringTextField.m */ = {isa = PBXFileReference; fileEncoding = 4; lastKnownFileType = sourcecode.c.objc; path = SpringTextField.m; sourceTree = "<group>"; };
		06446B7E1EA75DBD00C0C534 /* SummerTextField.h */ = {isa = PBXFileReference; fileEncoding = 4; lastKnownFileType = sourcecode.c.h; path = SummerTextField.h; sourceTree = "<group>"; };
		06446B7F1EA75DBD00C0C534 /* SummerTextField.m */ = {isa = PBXFileReference; fileEncoding = 4; lastKnownFileType = sourcecode.c.objc; path = SummerTextField.m; sourceTree = "<group>"; };
		06446B811EA75E5700C0C534 /* SpringComboBox.h */ = {isa = PBXFileReference; fileEncoding = 4; lastKnownFileType = sourcecode.c.h; path = SpringComboBox.h; sourceTree = "<group>"; };
		06446B821EA75E5700C0C534 /* SpringComboBox.m */ = {isa = PBXFileReference; fileEncoding = 4; lastKnownFileType = sourcecode.c.objc; path = SpringComboBox.m; sourceTree = "<group>"; };
		06446B841EA75E6F00C0C534 /* SummerComboBox.h */ = {isa = PBXFileReference; fileEncoding = 4; lastKnownFileType = sourcecode.c.h; path = SummerComboBox.h; sourceTree = "<group>"; };
		06446B851EA75E6F00C0C534 /* SummerComboBox.m */ = {isa = PBXFileReference; fileEncoding = 4; lastKnownFileType = sourcecode.c.objc; path = SummerComboBox.m; sourceTree = "<group>"; };
		06446B871EA75F0600C0C534 /* SkinFactory.h */ = {isa = PBXFileReference; fileEncoding = 4; lastKnownFileType = sourcecode.c.h; path = SkinFactory.h; sourceTree = "<group>"; };
		06446B881EA75F0600C0C534 /* SkinFactory.m */ = {isa = PBXFileReference; fileEncoding = 4; lastKnownFileType = sourcecode.c.objc; path = SkinFactory.m; sourceTree = "<group>"; };
		06446B8A1EA762B800C0C534 /* SpringSkinFactory.h */ = {isa = PBXFileReference; fileEncoding = 4; lastKnownFileType = sourcecode.c.h; path = SpringSkinFactory.h; sourceTree = "<group>"; };
		06446B8B1EA762B800C0C534 /* SpringSkinFactory.m */ = {isa = PBXFileReference; fileEncoding = 4; lastKnownFileType = sourcecode.c.objc; path = SpringSkinFactory.m; sourceTree = "<group>"; };
		06446B8D1EA762CD00C0C534 /* SummerSkinFactory.h */ = {isa = PBXFileReference; fileEncoding = 4; lastKnownFileType = sourcecode.c.h; path = SummerSkinFactory.h; sourceTree = "<group>"; };
		06446B8E1EA762CD00C0C534 /* SummerSkinFactory.m */ = {isa = PBXFileReference; fileEncoding = 4; lastKnownFileType = sourcecode.c.objc; path = SummerSkinFactory.m; sourceTree = "<group>"; };
		06446B901EA7649E00C0C534 /* AbstractFactoryViewController.h */ = {isa = PBXFileReference; fileEncoding = 4; lastKnownFileType = sourcecode.c.h; path = AbstractFactoryViewController.h; sourceTree = "<group>"; };
		06446B911EA7649E00C0C534 /* AbstractFactoryViewController.m */ = {isa = PBXFileReference; fileEncoding = 4; lastKnownFileType = sourcecode.c.objc; path = AbstractFactoryViewController.m; sourceTree = "<group>"; };
		06446B941EA7699900C0C534 /* LoadBalancer.h */ = {isa = PBXFileReference; fileEncoding = 4; lastKnownFileType = sourcecode.c.h; path = LoadBalancer.h; sourceTree = "<group>"; };
		06446B951EA7699900C0C534 /* LoadBalancer.m */ = {isa = PBXFileReference; fileEncoding = 4; lastKnownFileType = sourcecode.c.objc; path = LoadBalancer.m; sourceTree = "<group>"; };
		06446B971EA76BCD00C0C534 /* SingletonViewController.h */ = {isa = PBXFileReference; fileEncoding = 4; lastKnownFileType = sourcecode.c.h; path = SingletonViewController.h; sourceTree = "<group>"; };
		06446B981EA76BCD00C0C534 /* SingletonViewController.m */ = {isa = PBXFileReference; fileEncoding = 4; lastKnownFileType = sourcecode.c.objc; path = SingletonViewController.m; sourceTree = "<group>"; };
		06446B9D1EA97C8C00C0C534 /* WeeklyLog.h */ = {isa = PBXFileReference; fileEncoding = 4; lastKnownFileType = sourcecode.c.h; path = WeeklyLog.h; sourceTree = "<group>"; };
		06446B9E1EA97C8C00C0C534 /* WeeklyLog.m */ = {isa = PBXFileReference; fileEncoding = 4; lastKnownFileType = sourcecode.c.objc; path = WeeklyLog.m; sourceTree = "<group>"; };
		06446BA01EA97F9000C0C534 /* PrototypeViewController.h */ = {isa = PBXFileReference; fileEncoding = 4; lastKnownFileType = sourcecode.c.h; path = PrototypeViewController.h; sourceTree = "<group>"; };
		06446BA11EA97F9000C0C534 /* PrototypeViewController.m */ = {isa = PBXFileReference; fileEncoding = 4; lastKnownFileType = sourcecode.c.objc; path = PrototypeViewController.m; sourceTree = "<group>"; };
		06446BB61EAB111E00C0C534 /* ActorController.h */ = {isa = PBXFileReference; fileEncoding = 4; lastKnownFileType = sourcecode.c.h; path = ActorController.h; sourceTree = "<group>"; };
		06446BB71EAB111E00C0C534 /* ActorController.m */ = {isa = PBXFileReference; fileEncoding = 4; lastKnownFileType = sourcecode.c.objc; path = ActorController.m; sourceTree = "<group>"; };
		06446BB91EAB113700C0C534 /* Actor.h */ = {isa = PBXFileReference; fileEncoding = 4; lastKnownFileType = sourcecode.c.h; path = Actor.h; sourceTree = "<group>"; };
		06446BBA1EAB113700C0C534 /* Actor.m */ = {isa = PBXFileReference; fileEncoding = 4; lastKnownFileType = sourcecode.c.objc; path = Actor.m; sourceTree = "<group>"; };
		06446BBC1EAB11C500C0C534 /* ActorBuilder.h */ = {isa = PBXFileReference; fileEncoding = 4; lastKnownFileType = sourcecode.c.h; path = ActorBuilder.h; sourceTree = "<group>"; };
		06446BBD1EAB11C500C0C534 /* ActorBuilder.m */ = {isa = PBXFileReference; fileEncoding = 4; lastKnownFileType = sourcecode.c.objc; path = ActorBuilder.m; sourceTree = "<group>"; };
		06446BBF1EAB11F400C0C534 /* HeroBuilder.h */ = {isa = PBXFileReference; fileEncoding = 4; lastKnownFileType = sourcecode.c.h; path = HeroBuilder.h; sourceTree = "<group>"; };
		06446BC01EAB11F400C0C534 /* HeroBuilder.m */ = {isa = PBXFileReference; fileEncoding = 4; lastKnownFileType = sourcecode.c.objc; path = HeroBuilder.m; sourceTree = "<group>"; };
		06446BC21EAB122200C0C534 /* AngelBuilder.h */ = {isa = PBXFileReference; fileEncoding = 4; lastKnownFileType = sourcecode.c.h; path = AngelBuilder.h; sourceTree = "<group>"; };
		06446BC31EAB122200C0C534 /* AngelBuilder.m */ = {isa = PBXFileReference; fileEncoding = 4; lastKnownFileType = sourcecode.c.objc; path = AngelBuilder.m; sourceTree = "<group>"; };
		06446BC51EAB123600C0C534 /* DevilBuilder.h */ = {isa = PBXFileReference; fileEncoding = 4; lastKnownFileType = sourcecode.c.h; path = DevilBuilder.h; sourceTree = "<group>"; };
		06446BC61EAB123600C0C534 /* DevilBuilder.m */ = {isa = PBXFileReference; fileEncoding = 4; lastKnownFileType = sourcecode.c.objc; path = DevilBuilder.m; sourceTree = "<group>"; };
		06446BC81EAB19C200C0C534 /* BuilderViewController.h */ = {isa = PBXFileReference; fileEncoding = 4; lastKnownFileType = sourcecode.c.h; path = BuilderViewController.h; sourceTree = "<group>"; };
		06446BC91EAB19C200C0C534 /* BuilderViewController.m */ = {isa = PBXFileReference; fileEncoding = 4; lastKnownFileType = sourcecode.c.objc; path = BuilderViewController.m; sourceTree = "<group>"; };
		06446BCE1EAB54AB00C0C534 /* ScoreOperation.h */ = {isa = PBXFileReference; fileEncoding = 4; lastKnownFileType = sourcecode.c.h; path = ScoreOperation.h; sourceTree = "<group>"; };
		06446BCF1EAB54AB00C0C534 /* ScoreOperation.m */ = {isa = PBXFileReference; fileEncoding = 4; lastKnownFileType = sourcecode.c.objc; path = ScoreOperation.m; sourceTree = "<group>"; };
		06446BD11EAB55C900C0C534 /* QuickSort.h */ = {isa = PBXFileReference; fileEncoding = 4; lastKnownFileType = sourcecode.c.h; path = QuickSort.h; sourceTree = "<group>"; };
		06446BD21EAB55C900C0C534 /* QuickSort.m */ = {isa = PBXFileReference; fileEncoding = 4; lastKnownFileType = sourcecode.c.objc; path = QuickSort.m; sourceTree = "<group>"; };
		06446BD41EAB5C8000C0C534 /* BinarySearch.h */ = {isa = PBXFileReference; fileEncoding = 4; lastKnownFileType = sourcecode.c.h; path = BinarySearch.h; sourceTree = "<group>"; };
		06446BD51EAB5C8000C0C534 /* BinarySearch.m */ = {isa = PBXFileReference; fileEncoding = 4; lastKnownFileType = sourcecode.c.objc; path = BinarySearch.m; sourceTree = "<group>"; };
		06446BD71EAB659700C0C534 /* OperationAdapter.h */ = {isa = PBXFileReference; fileEncoding = 4; lastKnownFileType = sourcecode.c.h; path = OperationAdapter.h; sourceTree = "<group>"; };
		06446BD81EAB659700C0C534 /* OperationAdapter.m */ = {isa = PBXFileReference; fileEncoding = 4; lastKnownFileType = sourcecode.c.objc; path = OperationAdapter.m; sourceTree = "<group>"; };
		06446BDA1EAB68AF00C0C534 /* AdapterViewController.h */ = {isa = PBXFileReference; fileEncoding = 4; lastKnownFileType = sourcecode.c.h; path = AdapterViewController.h; sourceTree = "<group>"; };
		06446BDB1EAB68AF00C0C534 /* AdapterViewController.m */ = {isa = PBXFileReference; fileEncoding = 4; lastKnownFileType = sourcecode.c.objc; path = AdapterViewController.m; sourceTree = "<group>"; };
		06A7EACF1E9A3B5D0054D69D /* zDesignPattern-OC.app */ = {isa = PBXFileReference; explicitFileType = wrapper.application; includeInIndex = 0; path = "zDesignPattern-OC.app"; sourceTree = BUILT_PRODUCTS_DIR; };
		06A7EAD31E9A3B5D0054D69D /* main.m */ = {isa = PBXFileReference; lastKnownFileType = sourcecode.c.objc; path = main.m; sourceTree = "<group>"; };
		06A7EAD51E9A3B5D0054D69D /* AppDelegate.h */ = {isa = PBXFileReference; lastKnownFileType = sourcecode.c.h; path = AppDelegate.h; sourceTree = "<group>"; };
		06A7EAD61E9A3B5D0054D69D /* AppDelegate.m */ = {isa = PBXFileReference; lastKnownFileType = sourcecode.c.objc; path = AppDelegate.m; sourceTree = "<group>"; };
		06A7EADE1E9A3B5D0054D69D /* Assets.xcassets */ = {isa = PBXFileReference; lastKnownFileType = folder.assetcatalog; path = Assets.xcassets; sourceTree = "<group>"; };
		06A7EAE11E9A3B5D0054D69D /* Base */ = {isa = PBXFileReference; lastKnownFileType = file.storyboard; name = Base; path = Base.lproj/LaunchScreen.storyboard; sourceTree = "<group>"; };
		06A7EAE31E9A3B5D0054D69D /* Info.plist */ = {isa = PBXFileReference; lastKnownFileType = text.plist.xml; path = Info.plist; sourceTree = "<group>"; };
		06A7EAF51E9B126F0054D69D /* HomeViewController.h */ = {isa = PBXFileReference; fileEncoding = 4; lastKnownFileType = sourcecode.c.h; path = HomeViewController.h; sourceTree = "<group>"; };
		06A7EAF61E9B126F0054D69D /* HomeViewController.m */ = {isa = PBXFileReference; fileEncoding = 4; lastKnownFileType = sourcecode.c.objc; path = HomeViewController.m; sourceTree = "<group>"; };
		06A7EB481E9CE3870054D69D /* DesignPatternViewModel.h */ = {isa = PBXFileReference; fileEncoding = 4; lastKnownFileType = sourcecode.c.h; path = DesignPatternViewModel.h; sourceTree = "<group>"; };
		06A7EB491E9CE3870054D69D /* DesignPatternViewModel.m */ = {isa = PBXFileReference; fileEncoding = 4; lastKnownFileType = sourcecode.c.objc; path = DesignPatternViewModel.m; sourceTree = "<group>"; };
/* End PBXFileReference section */

/* Begin PBXFrameworksBuildPhase section */
		062E2C9A1EA5E9270040DD85 /* Frameworks */ = {
			isa = PBXFrameworksBuildPhase;
			buildActionMask = 2147483647;
			files = (
			);
			runOnlyForDeploymentPostprocessing = 0;
		};
		06A7EACC1E9A3B5D0054D69D /* Frameworks */ = {
			isa = PBXFrameworksBuildPhase;
			buildActionMask = 2147483647;
			files = (
			);
			runOnlyForDeploymentPostprocessing = 0;
		};
/* End PBXFrameworksBuildPhase section */

/* Begin PBXGroup section */
		062E2C9E1EA5E9270040DD85 /* zDesignPattern-OCTests */ = {
			isa = PBXGroup;
			children = (
				062E2C9F1EA5E9270040DD85 /* zDesignPattern_OCTests.m */,
				062E2CA11EA5E9270040DD85 /* Info.plist */,
			);
			path = "zDesignPattern-OCTests";
			sourceTree = "<group>";
		};
		06446AB11EA6F09200C0C534 /* DesignPatterns */ = {
			isa = PBXGroup;
			children = (
				06446AB21EA6FCBA00C0C534 /* 1_SimpleFactory */,
				06446AB31EA6FCBA00C0C534 /* 2_FactoryMethod */,
				06446AB41EA6FCBA00C0C534 /* 3_AbstractFactory */,
				06446AB51EA6FCBA00C0C534 /* 4_Singleton */,
				06446AB61EA6FCBA00C0C534 /* 5_Prototype */,
				06446AB71EA6FCBA00C0C534 /* 6_Builder */,
				06446AB81EA6FCBA00C0C534 /* 7_Adapter */,
				06446AB91EA6FCBA00C0C534 /* 8_Bridge */,
				06446ABA1EA6FCBA00C0C534 /* 9_Composite */,
				06446ABB1EA6FCBA00C0C534 /* 10_Decorator */,
				06446ABC1EA6FCBA00C0C534 /* 11_Facade */,
				06446ABD1EA6FCBA00C0C534 /* 12_Flyweight */,
				06446ABE1EA6FCBA00C0C534 /* 13_Proxy */,
				06446ABF1EA6FCBA00C0C534 /* 14_ChainOfResponsibility */,
				06446AC01EA6FCBA00C0C534 /* 15_Command */,
				06446AC11EA6FCBA00C0C534 /* 16_Interpreter */,
				06446AC21EA6FCBA00C0C534 /* 17_Iterator */,
				06446AC31EA6FCBA00C0C534 /* 18_Mediator */,
				06446AC41EA6FCBA00C0C534 /* 19_Memento */,
				06446AC51EA6FCBA00C0C534 /* 20_Observer */,
				06446AC61EA6FCBA00C0C534 /* 21_State */,
				06446AC71EA6FCBA00C0C534 /* 22_Strategy */,
				06446AC81EA6FCBA00C0C534 /* 23_TemplateMethod */,
				06446AC91EA6FCBA00C0C534 /* 24_Visitor */,
			);
			path = DesignPatterns;
			sourceTree = "<group>";
		};
		06446AB21EA6FCBA00C0C534 /* 1_SimpleFactory */ = {
			isa = PBXGroup;
			children = (
				06446ACA1EA7116900C0C534 /* Role_Factory */,
				06446ACB1EA7116900C0C534 /* Role_Product */,
			);
			path = 1_SimpleFactory;
			sourceTree = "<group>";
		};
		06446AB31EA6FCBA00C0C534 /* 2_FactoryMethod */ = {
			isa = PBXGroup;
			children = (
				06446B421EA7450700C0C534 /* Role_Factory */,
				06446B441EA7450700C0C534 /* Role_Product */,
			);
			path = 2_FactoryMethod;
			sourceTree = "<group>";
		};
		06446AB41EA6FCBA00C0C534 /* 3_AbstractFactory */ = {
			isa = PBXGroup;
			children = (
				06446B5E1EA75ACB00C0C534 /* AbstractFactory */,
				06446B601EA75ACB00C0C534 /* AbstractProduct */,
				06446B6B1EA75CF300C0C534 /* AbstractProduct1 */,
				06446B6F1EA75CF300C0C534 /* AbstractProduct2 */,
			);
			path = 3_AbstractFactory;
			sourceTree = "<group>";
		};
		06446AB51EA6FCBA00C0C534 /* 4_Singleton */ = {
			isa = PBXGroup;
			children = (
				06446B931EA7695B00C0C534 /* Singleton */,
			);
			path = 4_Singleton;
			sourceTree = "<group>";
		};
		06446AB61EA6FCBA00C0C534 /* 5_Prototype */ = {
			isa = PBXGroup;
			children = (
				06446B9C1EA97C6100C0C534 /* Client */,
				06446B9A1EA97C3E00C0C534 /* ConcretePrototype */,
				06446B9B1EA97C3E00C0C534 /* Prototype */,
			);
			path = 5_Prototype;
			sourceTree = "<group>";
		};
		06446AB71EA6FCBA00C0C534 /* 6_Builder */ = {
			isa = PBXGroup;
			children = (
				06446BAF1EAB103F00C0C534 /* Builder */,
				06446BB11EAB103F00C0C534 /* Director */,
				06446BB21EAB103F00C0C534 /* Product */,
			);
			path = 6_Builder;
			sourceTree = "<group>";
		};
		06446AB81EA6FCBA00C0C534 /* 7_Adapter */ = {
			isa = PBXGroup;
			children = (
				06446BCB1EAB511600C0C534 /* Adaptee */,
				06446BCC1EAB511600C0C534 /* Adapter */,
				06446BCD1EAB511600C0C534 /* Target */,
			);
			path = 7_Adapter;
			sourceTree = "<group>";
		};
		06446AB91EA6FCBA00C0C534 /* 8_Bridge */ = {
			isa = PBXGroup;
			children = (
			);
			path = 8_Bridge;
			sourceTree = "<group>";
		};
		06446ABA1EA6FCBA00C0C534 /* 9_Composite */ = {
			isa = PBXGroup;
			children = (
			);
			path = 9_Composite;
			sourceTree = "<group>";
		};
		06446ABB1EA6FCBA00C0C534 /* 10_Decorator */ = {
			isa = PBXGroup;
			children = (
			);
			path = 10_Decorator;
			sourceTree = "<group>";
		};
		06446ABC1EA6FCBA00C0C534 /* 11_Facade */ = {
			isa = PBXGroup;
			children = (
			);
			path = 11_Facade;
			sourceTree = "<group>";
		};
		06446ABD1EA6FCBA00C0C534 /* 12_Flyweight */ = {
			isa = PBXGroup;
			children = (
			);
			path = 12_Flyweight;
			sourceTree = "<group>";
		};
		06446ABE1EA6FCBA00C0C534 /* 13_Proxy */ = {
			isa = PBXGroup;
			children = (
			);
			path = 13_Proxy;
			sourceTree = "<group>";
		};
		06446ABF1EA6FCBA00C0C534 /* 14_ChainOfResponsibility */ = {
			isa = PBXGroup;
			children = (
			);
			path = 14_ChainOfResponsibility;
			sourceTree = "<group>";
		};
		06446AC01EA6FCBA00C0C534 /* 15_Command */ = {
			isa = PBXGroup;
			children = (
			);
			path = 15_Command;
			sourceTree = "<group>";
		};
		06446AC11EA6FCBA00C0C534 /* 16_Interpreter */ = {
			isa = PBXGroup;
			children = (
			);
			path = 16_Interpreter;
			sourceTree = "<group>";
		};
		06446AC21EA6FCBA00C0C534 /* 17_Iterator */ = {
			isa = PBXGroup;
			children = (
			);
			path = 17_Iterator;
			sourceTree = "<group>";
		};
		06446AC31EA6FCBA00C0C534 /* 18_Mediator */ = {
			isa = PBXGroup;
			children = (
			);
			path = 18_Mediator;
			sourceTree = "<group>";
		};
		06446AC41EA6FCBA00C0C534 /* 19_Memento */ = {
			isa = PBXGroup;
			children = (
			);
			path = 19_Memento;
			sourceTree = "<group>";
		};
		06446AC51EA6FCBA00C0C534 /* 20_Observer */ = {
			isa = PBXGroup;
			children = (
			);
			path = 20_Observer;
			sourceTree = "<group>";
		};
		06446AC61EA6FCBA00C0C534 /* 21_State */ = {
			isa = PBXGroup;
			children = (
			);
			path = 21_State;
			sourceTree = "<group>";
		};
		06446AC71EA6FCBA00C0C534 /* 22_Strategy */ = {
			isa = PBXGroup;
			children = (
			);
			path = 22_Strategy;
			sourceTree = "<group>";
		};
		06446AC81EA6FCBA00C0C534 /* 23_TemplateMethod */ = {
			isa = PBXGroup;
			children = (
			);
			path = 23_TemplateMethod;
			sourceTree = "<group>";
		};
		06446AC91EA6FCBA00C0C534 /* 24_Visitor */ = {
			isa = PBXGroup;
			children = (
			);
			path = 24_Visitor;
			sourceTree = "<group>";
		};
		06446ACA1EA7116900C0C534 /* Role_Factory */ = {
			isa = PBXGroup;
			children = (
				06446AD61EA714B300C0C534 /* ChartFactory.h */,
				06446AD71EA714B300C0C534 /* ChartFactory.m */,
			);
			path = Role_Factory;
			sourceTree = "<group>";
		};
		06446ACB1EA7116900C0C534 /* Role_Product */ = {
			isa = PBXGroup;
			children = (
				06446ACD1EA712D600C0C534 /* Chart.h */,
				06446ACE1EA712D600C0C534 /* Chart.m */,
				06446ACC1EA7116900C0C534 /* Role_ConcreteProduct */,
			);
			path = Role_Product;
			sourceTree = "<group>";
		};
		06446ACC1EA7116900C0C534 /* Role_ConcreteProduct */ = {
			isa = PBXGroup;
			children = (
				06446AD01EA7138200C0C534 /* HistogramChart.h */,
				06446AD11EA7138200C0C534 /* HistogramChart.m */,
				06446AD31EA713E100C0C534 /* PieChart.h */,
				06446AD41EA713E100C0C534 /* PieChart.m */,
			);
			path = Role_ConcreteProduct;
			sourceTree = "<group>";
		};
		06446B091EA732F900C0C534 /* 1_SimpleFactory */ = {
			isa = PBXGroup;
			children = (
				06446B0A1EA732F900C0C534 /* ViewController */,
			);
			path = 1_SimpleFactory;
			sourceTree = "<group>";
		};
		06446B0A1EA732F900C0C534 /* ViewController */ = {
			isa = PBXGroup;
			children = (
				06446B3C1EA7336A00C0C534 /* SimpleFactoryViewController.h */,
				06446B3D1EA7336A00C0C534 /* SimpleFactoryViewController.m */,
			);
			path = ViewController;
			sourceTree = "<group>";
		};
		06446B0B1EA732F900C0C534 /* 2_FactoryMethod */ = {
			isa = PBXGroup;
			children = (
				06446B0C1EA732F900C0C534 /* ViewController */,
			);
			path = 2_FactoryMethod;
			sourceTree = "<group>";
		};
		06446B0C1EA732F900C0C534 /* ViewController */ = {
			isa = PBXGroup;
			children = (
				06446B5B1EA7511F00C0C534 /* FactoryMethodViewController.h */,
				06446B5C1EA7511F00C0C534 /* FactoryMethodViewController.m */,
			);
			path = ViewController;
			sourceTree = "<group>";
		};
		06446B0D1EA732F900C0C534 /* 3_AbstractFactory */ = {
			isa = PBXGroup;
			children = (
				06446B0E1EA732F900C0C534 /* ViewController */,
			);
			path = 3_AbstractFactory;
			sourceTree = "<group>";
		};
		06446B0E1EA732F900C0C534 /* ViewController */ = {
			isa = PBXGroup;
			children = (
				06446B901EA7649E00C0C534 /* AbstractFactoryViewController.h */,
				06446B911EA7649E00C0C534 /* AbstractFactoryViewController.m */,
			);
			path = ViewController;
			sourceTree = "<group>";
		};
		06446B0F1EA732F900C0C534 /* 4_Singleton */ = {
			isa = PBXGroup;
			children = (
				06446B101EA732F900C0C534 /* ViewController */,
			);
			path = 4_Singleton;
			sourceTree = "<group>";
		};
		06446B101EA732F900C0C534 /* ViewController */ = {
			isa = PBXGroup;
			children = (
				06446B971EA76BCD00C0C534 /* SingletonViewController.h */,
				06446B981EA76BCD00C0C534 /* SingletonViewController.m */,
			);
			path = ViewController;
			sourceTree = "<group>";
		};
		06446B111EA732F900C0C534 /* 5_Prototype */ = {
			isa = PBXGroup;
			children = (
				06446B121EA732F900C0C534 /* ViewController */,
			);
			path = 5_Prototype;
			sourceTree = "<group>";
		};
		06446B121EA732F900C0C534 /* ViewController */ = {
			isa = PBXGroup;
			children = (
				06446BA01EA97F9000C0C534 /* PrototypeViewController.h */,
				06446BA11EA97F9000C0C534 /* PrototypeViewController.m */,
			);
			path = ViewController;
			sourceTree = "<group>";
		};
		06446B131EA732F900C0C534 /* 6_Builder */ = {
			isa = PBXGroup;
			children = (
				06446B141EA732F900C0C534 /* ViewController */,
			);
			path = 6_Builder;
			sourceTree = "<group>";
		};
		06446B141EA732F900C0C534 /* ViewController */ = {
			isa = PBXGroup;
			children = (
				06446BC81EAB19C200C0C534 /* BuilderViewController.h */,
				06446BC91EAB19C200C0C534 /* BuilderViewController.m */,
			);
			path = ViewController;
			sourceTree = "<group>";
		};
		06446B151EA732F900C0C534 /* 7_Adapter */ = {
			isa = PBXGroup;
			children = (
				06446B161EA732F900C0C534 /* ViewController */,
			);
			path = 7_Adapter;
			sourceTree = "<group>";
		};
		06446B161EA732F900C0C534 /* ViewController */ = {
			isa = PBXGroup;
			children = (
				06446BDA1EAB68AF00C0C534 /* AdapterViewController.h */,
				06446BDB1EAB68AF00C0C534 /* AdapterViewController.m */,
			);
			path = ViewController;
			sourceTree = "<group>";
		};
		06446B171EA732F900C0C534 /* 8_Bridge */ = {
			isa = PBXGroup;
			children = (
				06446B181EA732F900C0C534 /* ViewController */,
			);
			path = 8_Bridge;
			sourceTree = "<group>";
		};
		06446B181EA732F900C0C534 /* ViewController */ = {
			isa = PBXGroup;
			children = (
			);
			path = ViewController;
			sourceTree = "<group>";
		};
		06446B191EA732F900C0C534 /* 9_Composite */ = {
			isa = PBXGroup;
			children = (
				06446B1A1EA732F900C0C534 /* ViewController */,
			);
			path = 9_Composite;
			sourceTree = "<group>";
		};
		06446B1A1EA732F900C0C534 /* ViewController */ = {
			isa = PBXGroup;
			children = (
			);
			path = ViewController;
			sourceTree = "<group>";
		};
		06446B1B1EA732F900C0C534 /* 10_Decorator */ = {
			isa = PBXGroup;
			children = (
				06446B1C1EA732F900C0C534 /* ViewController */,
			);
			path = 10_Decorator;
			sourceTree = "<group>";
		};
		06446B1C1EA732F900C0C534 /* ViewController */ = {
			isa = PBXGroup;
			children = (
			);
			path = ViewController;
			sourceTree = "<group>";
		};
		06446B1D1EA732F900C0C534 /* 11_Facade */ = {
			isa = PBXGroup;
			children = (
				06446B1E1EA732F900C0C534 /* ViewController */,
			);
			path = 11_Facade;
			sourceTree = "<group>";
		};
		06446B1E1EA732F900C0C534 /* ViewController */ = {
			isa = PBXGroup;
			children = (
			);
			path = ViewController;
			sourceTree = "<group>";
		};
		06446B1F1EA732F900C0C534 /* 12_Flyweight */ = {
			isa = PBXGroup;
			children = (
				06446B201EA732F900C0C534 /* ViewController */,
			);
			path = 12_Flyweight;
			sourceTree = "<group>";
		};
		06446B201EA732F900C0C534 /* ViewController */ = {
			isa = PBXGroup;
			children = (
			);
			path = ViewController;
			sourceTree = "<group>";
		};
		06446B211EA732F900C0C534 /* 13_Proxy */ = {
			isa = PBXGroup;
			children = (
				06446B221EA732F900C0C534 /* ViewController */,
			);
			path = 13_Proxy;
			sourceTree = "<group>";
		};
		06446B221EA732F900C0C534 /* ViewController */ = {
			isa = PBXGroup;
			children = (
			);
			path = ViewController;
			sourceTree = "<group>";
		};
		06446B231EA732F900C0C534 /* 14_ChainOfResponsibility */ = {
			isa = PBXGroup;
			children = (
				06446B241EA732F900C0C534 /* ViewController */,
			);
			path = 14_ChainOfResponsibility;
			sourceTree = "<group>";
		};
		06446B241EA732F900C0C534 /* ViewController */ = {
			isa = PBXGroup;
			children = (
			);
			path = ViewController;
			sourceTree = "<group>";
		};
		06446B251EA732F900C0C534 /* 15_Command */ = {
			isa = PBXGroup;
			children = (
				06446B261EA732F900C0C534 /* ViewController */,
			);
			path = 15_Command;
			sourceTree = "<group>";
		};
		06446B261EA732F900C0C534 /* ViewController */ = {
			isa = PBXGroup;
			children = (
			);
			path = ViewController;
			sourceTree = "<group>";
		};
		06446B271EA732F900C0C534 /* 16_Interpreter */ = {
			isa = PBXGroup;
			children = (
				06446B281EA732F900C0C534 /* ViewController */,
			);
			path = 16_Interpreter;
			sourceTree = "<group>";
		};
		06446B281EA732F900C0C534 /* ViewController */ = {
			isa = PBXGroup;
			children = (
			);
			path = ViewController;
			sourceTree = "<group>";
		};
		06446B291EA732F900C0C534 /* 17_Iterator */ = {
			isa = PBXGroup;
			children = (
				06446B2A1EA732F900C0C534 /* ViewController */,
			);
			path = 17_Iterator;
			sourceTree = "<group>";
		};
		06446B2A1EA732F900C0C534 /* ViewController */ = {
			isa = PBXGroup;
			children = (
			);
			path = ViewController;
			sourceTree = "<group>";
		};
		06446B2B1EA732F900C0C534 /* 18_Mediator */ = {
			isa = PBXGroup;
			children = (
				06446B2C1EA732F900C0C534 /* ViewController */,
			);
			path = 18_Mediator;
			sourceTree = "<group>";
		};
		06446B2C1EA732F900C0C534 /* ViewController */ = {
			isa = PBXGroup;
			children = (
			);
			path = ViewController;
			sourceTree = "<group>";
		};
		06446B2D1EA732F900C0C534 /* 19_Memento */ = {
			isa = PBXGroup;
			children = (
				06446B2E1EA732F900C0C534 /* ViewController */,
			);
			path = 19_Memento;
			sourceTree = "<group>";
		};
		06446B2E1EA732F900C0C534 /* ViewController */ = {
			isa = PBXGroup;
			children = (
			);
			path = ViewController;
			sourceTree = "<group>";
		};
		06446B2F1EA732F900C0C534 /* 20_Observer */ = {
			isa = PBXGroup;
			children = (
				06446B301EA732F900C0C534 /* ViewController */,
			);
			path = 20_Observer;
			sourceTree = "<group>";
		};
		06446B301EA732F900C0C534 /* ViewController */ = {
			isa = PBXGroup;
			children = (
			);
			path = ViewController;
			sourceTree = "<group>";
		};
		06446B311EA732F900C0C534 /* 21_State */ = {
			isa = PBXGroup;
			children = (
				06446B321EA732F900C0C534 /* ViewController */,
			);
			path = 21_State;
			sourceTree = "<group>";
		};
		06446B321EA732F900C0C534 /* ViewController */ = {
			isa = PBXGroup;
			children = (
			);
			path = ViewController;
			sourceTree = "<group>";
		};
		06446B331EA732F900C0C534 /* 22_Strategy */ = {
			isa = PBXGroup;
			children = (
				06446B341EA732F900C0C534 /* ViewController */,
			);
			path = 22_Strategy;
			sourceTree = "<group>";
		};
		06446B341EA732F900C0C534 /* ViewController */ = {
			isa = PBXGroup;
			children = (
			);
			path = ViewController;
			sourceTree = "<group>";
		};
		06446B351EA732F900C0C534 /* 23_TemplateMethod */ = {
			isa = PBXGroup;
			children = (
				06446B361EA732F900C0C534 /* ViewController */,
			);
			path = 23_TemplateMethod;
			sourceTree = "<group>";
		};
		06446B361EA732F900C0C534 /* ViewController */ = {
			isa = PBXGroup;
			children = (
			);
			path = ViewController;
			sourceTree = "<group>";
		};
		06446B371EA732F900C0C534 /* 24_Visitor */ = {
			isa = PBXGroup;
			children = (
				06446B381EA732F900C0C534 /* ViewController */,
			);
			path = 24_Visitor;
			sourceTree = "<group>";
		};
		06446B381EA732F900C0C534 /* ViewController */ = {
			isa = PBXGroup;
			children = (
			);
			path = ViewController;
			sourceTree = "<group>";
		};
		06446B421EA7450700C0C534 /* Role_Factory */ = {
			isa = PBXGroup;
			children = (
				06446B4F1EA74DA800C0C534 /* LoggerFactory.h */,
				06446B501EA74DA800C0C534 /* LoggerFactory.m */,
				06446B431EA7450700C0C534 /* Role_ConcreteFactory */,
			);
			path = Role_Factory;
			sourceTree = "<group>";
		};
		06446B431EA7450700C0C534 /* Role_ConcreteFactory */ = {
			isa = PBXGroup;
			children = (
				06446B551EA74ED000C0C534 /* DataBaseLoggerFactory.h */,
				06446B561EA74ED000C0C534 /* DataBaseLoggerFactory.m */,
				06446B581EA74F3200C0C534 /* FileLoggerFactory.h */,
				06446B591EA74F3200C0C534 /* FileLoggerFactory.m */,
			);
			path = Role_ConcreteFactory;
			sourceTree = "<group>";
		};
		06446B441EA7450700C0C534 /* Role_Product */ = {
			isa = PBXGroup;
			children = (
				06446B461EA748C800C0C534 /* Logger.h */,
				06446B471EA748C800C0C534 /* Logger.m */,
				06446B451EA7450700C0C534 /* Role_ConcreteProduct */,
			);
			path = Role_Product;
			sourceTree = "<group>";
		};
		06446B451EA7450700C0C534 /* Role_ConcreteProduct */ = {
			isa = PBXGroup;
			children = (
				06446B491EA74BE600C0C534 /* DatabaseLogger.h */,
				06446B4A1EA74BE600C0C534 /* DatabaseLogger.m */,
				06446B4C1EA74D6500C0C534 /* FileLogger.h */,
				06446B4D1EA74D6500C0C534 /* FileLogger.m */,
			);
			path = Role_ConcreteProduct;
			sourceTree = "<group>";
		};
		06446B5E1EA75ACB00C0C534 /* AbstractFactory */ = {
			isa = PBXGroup;
			children = (
				06446B871EA75F0600C0C534 /* SkinFactory.h */,
				06446B881EA75F0600C0C534 /* SkinFactory.m */,
				06446B5F1EA75ACB00C0C534 /* ConcreteFactory */,
			);
			path = AbstractFactory;
			sourceTree = "<group>";
		};
		06446B5F1EA75ACB00C0C534 /* ConcreteFactory */ = {
			isa = PBXGroup;
			children = (
				06446B8A1EA762B800C0C534 /* SpringSkinFactory.h */,
				06446B8B1EA762B800C0C534 /* SpringSkinFactory.m */,
				06446B8D1EA762CD00C0C534 /* SummerSkinFactory.h */,
				06446B8E1EA762CD00C0C534 /* SummerSkinFactory.m */,
			);
			path = ConcreteFactory;
			sourceTree = "<group>";
		};
		06446B601EA75ACB00C0C534 /* AbstractProduct */ = {
			isa = PBXGroup;
			children = (
				06446B611EA75ACB00C0C534 /* ConcreteProduct */,
				06446B621EA75B9000C0C534 /* DPButton.h */,
				06446B631EA75B9000C0C534 /* DPButton.m */,
			);
			path = AbstractProduct;
			sourceTree = "<group>";
		};
		06446B611EA75ACB00C0C534 /* ConcreteProduct */ = {
			isa = PBXGroup;
			children = (
				06446B751EA75D2600C0C534 /* SpringButton.h */,
				06446B761EA75D2600C0C534 /* SpringButton.m */,
				06446B781EA75D4200C0C534 /* SummerButton.h */,
				06446B791EA75D4200C0C534 /* SummerButton.m */,
			);
			path = ConcreteProduct;
			sourceTree = "<group>";
		};
		06446B6B1EA75CF300C0C534 /* AbstractProduct1 */ = {
			isa = PBXGroup;
			children = (
				06446B6C1EA75CF300C0C534 /* ConcreteProduct */,
				06446B6D1EA75CF300C0C534 /* DPTextField.h */,
				06446B6E1EA75CF300C0C534 /* DPTextField.m */,
			);
			path = AbstractProduct1;
			sourceTree = "<group>";
		};
		06446B6C1EA75CF300C0C534 /* ConcreteProduct */ = {
			isa = PBXGroup;
			children = (
				06446B7B1EA75DAB00C0C534 /* SpringTextField.h */,
				06446B7C1EA75DAB00C0C534 /* SpringTextField.m */,
				06446B7E1EA75DBD00C0C534 /* SummerTextField.h */,
				06446B7F1EA75DBD00C0C534 /* SummerTextField.m */,
			);
			path = ConcreteProduct;
			sourceTree = "<group>";
		};
		06446B6F1EA75CF300C0C534 /* AbstractProduct2 */ = {
			isa = PBXGroup;
			children = (
				06446B701EA75CF300C0C534 /* ConcreteProduct */,
				06446B711EA75CF300C0C534 /* DPComboBox.h */,
				06446B721EA75CF300C0C534 /* DPComboBox.m */,
			);
			path = AbstractProduct2;
			sourceTree = "<group>";
		};
		06446B701EA75CF300C0C534 /* ConcreteProduct */ = {
			isa = PBXGroup;
			children = (
				06446B811EA75E5700C0C534 /* SpringComboBox.h */,
				06446B821EA75E5700C0C534 /* SpringComboBox.m */,
				06446B841EA75E6F00C0C534 /* SummerComboBox.h */,
				06446B851EA75E6F00C0C534 /* SummerComboBox.m */,
			);
			path = ConcreteProduct;
			sourceTree = "<group>";
		};
		06446B931EA7695B00C0C534 /* Singleton */ = {
			isa = PBXGroup;
			children = (
				06446B941EA7699900C0C534 /* LoadBalancer.h */,
				06446B951EA7699900C0C534 /* LoadBalancer.m */,
			);
			path = Singleton;
			sourceTree = "<group>";
		};
		06446B9A1EA97C3E00C0C534 /* ConcretePrototype */ = {
			isa = PBXGroup;
			children = (
				06446B9D1EA97C8C00C0C534 /* WeeklyLog.h */,
				06446B9E1EA97C8C00C0C534 /* WeeklyLog.m */,
			);
			path = ConcretePrototype;
			sourceTree = "<group>";
		};
		06446B9B1EA97C3E00C0C534 /* Prototype */ = {
			isa = PBXGroup;
			children = (
			);
			path = Prototype;
			sourceTree = "<group>";
		};
		06446B9C1EA97C6100C0C534 /* Client */ = {
			isa = PBXGroup;
			children = (
			);
			path = Client;
			sourceTree = "<group>";
		};
		06446BAF1EAB103F00C0C534 /* Builder */ = {
			isa = PBXGroup;
			children = (
				06446BB01EAB103F00C0C534 /* ConcreteBuilder */,
				06446BBC1EAB11C500C0C534 /* ActorBuilder.h */,
				06446BBD1EAB11C500C0C534 /* ActorBuilder.m */,
			);
			path = Builder;
			sourceTree = "<group>";
		};
		06446BB01EAB103F00C0C534 /* ConcreteBuilder */ = {
			isa = PBXGroup;
			children = (
				06446BBF1EAB11F400C0C534 /* HeroBuilder.h */,
				06446BC01EAB11F400C0C534 /* HeroBuilder.m */,
				06446BC21EAB122200C0C534 /* AngelBuilder.h */,
				06446BC31EAB122200C0C534 /* AngelBuilder.m */,
				06446BC51EAB123600C0C534 /* DevilBuilder.h */,
				06446BC61EAB123600C0C534 /* DevilBuilder.m */,
			);
			path = ConcreteBuilder;
			sourceTree = "<group>";
		};
		06446BB11EAB103F00C0C534 /* Director */ = {
			isa = PBXGroup;
			children = (
				06446BB61EAB111E00C0C534 /* ActorController.h */,
				06446BB71EAB111E00C0C534 /* ActorController.m */,
			);
			path = Director;
			sourceTree = "<group>";
		};
		06446BB21EAB103F00C0C534 /* Product */ = {
			isa = PBXGroup;
			children = (
				06446BB91EAB113700C0C534 /* Actor.h */,
				06446BBA1EAB113700C0C534 /* Actor.m */,
			);
			path = Product;
			sourceTree = "<group>";
		};
		06446BCB1EAB511600C0C534 /* Adaptee */ = {
			isa = PBXGroup;
			children = (
				06446BD71EAB659700C0C534 /* OperationAdapter.h */,
				06446BD81EAB659700C0C534 /* OperationAdapter.m */,
			);
			path = Adaptee;
			sourceTree = "<group>";
		};
		06446BCC1EAB511600C0C534 /* Adapter */ = {
			isa = PBXGroup;
			children = (
				06446BD11EAB55C900C0C534 /* QuickSort.h */,
				06446BD21EAB55C900C0C534 /* QuickSort.m */,
				06446BD41EAB5C8000C0C534 /* BinarySearch.h */,
				06446BD51EAB5C8000C0C534 /* BinarySearch.m */,
			);
			path = Adapter;
			sourceTree = "<group>";
		};
		06446BCD1EAB511600C0C534 /* Target */ = {
			isa = PBXGroup;
			children = (
				06446BCE1EAB54AB00C0C534 /* ScoreOperation.h */,
				06446BCF1EAB54AB00C0C534 /* ScoreOperation.m */,
			);
			path = Target;
			sourceTree = "<group>";
		};
		06A7EAC61E9A3B5D0054D69D = {
			isa = PBXGroup;
			children = (
				06A7EAD11E9A3B5D0054D69D /* zDesignPattern-OC */,
				062E2C9E1EA5E9270040DD85 /* zDesignPattern-OCTests */,
				06A7EAD01E9A3B5D0054D69D /* Products */,
			);
			sourceTree = "<group>";
		};
		06A7EAD01E9A3B5D0054D69D /* Products */ = {
			isa = PBXGroup;
			children = (
				06A7EACF1E9A3B5D0054D69D /* zDesignPattern-OC.app */,
				062E2C9D1EA5E9270040DD85 /* zDesignPattern-OCTests.xctest */,
			);
			name = Products;
			sourceTree = "<group>";
		};
		06A7EAD11E9A3B5D0054D69D /* zDesignPattern-OC */ = {
			isa = PBXGroup;
			children = (
				06A7EAE91E9A3CD10054D69D /* ViewWithModel */,
				06446AB11EA6F09200C0C534 /* DesignPatterns */,
				06A7EAD51E9A3B5D0054D69D /* AppDelegate.h */,
				06A7EAD61E9A3B5D0054D69D /* AppDelegate.m */,
				06446B391EA7332500C0C534 /* zDesignPatternBaseViewController.h */,
				06446B3A1EA7332500C0C534 /* zDesignPatternBaseViewController.m */,
				06446B3F1EA738F500C0C534 /* DesignPatternVCFactory.h */,
				06446B401EA738F500C0C534 /* DesignPatternVCFactory.m */,
				06A7EADE1E9A3B5D0054D69D /* Assets.xcassets */,
				06A7EAE01E9A3B5D0054D69D /* LaunchScreen.storyboard */,
				06A7EAE31E9A3B5D0054D69D /* Info.plist */,
				06A7EAD21E9A3B5D0054D69D /* Supporting Files */,
			);
			path = "zDesignPattern-OC";
			sourceTree = "<group>";
		};
		06A7EAD21E9A3B5D0054D69D /* Supporting Files */ = {
			isa = PBXGroup;
			children = (
				06A7EAD31E9A3B5D0054D69D /* main.m */,
			);
			name = "Supporting Files";
			sourceTree = "<group>";
		};
		06A7EAE91E9A3CD10054D69D /* ViewWithModel */ = {
			isa = PBXGroup;
			children = (
				06A7EAF11E9B126F0054D69D /* Home */,
				06446B091EA732F900C0C534 /* 1_SimpleFactory */,
				06446B0B1EA732F900C0C534 /* 2_FactoryMethod */,
				06446B0D1EA732F900C0C534 /* 3_AbstractFactory */,
				06446B0F1EA732F900C0C534 /* 4_Singleton */,
				06446B111EA732F900C0C534 /* 5_Prototype */,
				06446B131EA732F900C0C534 /* 6_Builder */,
				06446B151EA732F900C0C534 /* 7_Adapter */,
				06446B171EA732F900C0C534 /* 8_Bridge */,
				06446B191EA732F900C0C534 /* 9_Composite */,
				06446B1B1EA732F900C0C534 /* 10_Decorator */,
				06446B1D1EA732F900C0C534 /* 11_Facade */,
				06446B1F1EA732F900C0C534 /* 12_Flyweight */,
				06446B211EA732F900C0C534 /* 13_Proxy */,
				06446B231EA732F900C0C534 /* 14_ChainOfResponsibility */,
				06446B251EA732F900C0C534 /* 15_Command */,
				06446B271EA732F900C0C534 /* 16_Interpreter */,
				06446B291EA732F900C0C534 /* 17_Iterator */,
				06446B2B1EA732F900C0C534 /* 18_Mediator */,
				06446B2D1EA732F900C0C534 /* 19_Memento */,
				06446B2F1EA732F900C0C534 /* 20_Observer */,
				06446B311EA732F900C0C534 /* 21_State */,
				06446B331EA732F900C0C534 /* 22_Strategy */,
				06446B351EA732F900C0C534 /* 23_TemplateMethod */,
				06446B371EA732F900C0C534 /* 24_Visitor */,
			);
			path = ViewWithModel;
			sourceTree = "<group>";
		};
		06A7EAF11E9B126F0054D69D /* Home */ = {
			isa = PBXGroup;
			children = (
				06A7EAF21E9B126F0054D69D /* Model */,
				06A7EAF31E9B126F0054D69D /* View */,
				06A7EAF41E9B126F0054D69D /* ViewController */,
				06A7EAF71E9B126F0054D69D /* ViewModel */,
			);
			path = Home;
			sourceTree = "<group>";
		};
		06A7EAF21E9B126F0054D69D /* Model */ = {
			isa = PBXGroup;
			children = (
				062E2C861EA45D4F0040DD85 /* DesignPatternModel.h */,
				062E2C871EA45D4F0040DD85 /* DesignPatternModel.m */,
				062E2C891EA4615E0040DD85 /* DesignPatternList.plist */,
			);
			path = Model;
			sourceTree = "<group>";
		};
		06A7EAF31E9B126F0054D69D /* View */ = {
			isa = PBXGroup;
			children = (
				062E2C8B1EA49E760040DD85 /* DesignPatternCollectionViewCell.h */,
				062E2C8C1EA49E760040DD85 /* DesignPatternCollectionViewCell.m */,
				062E2CA71EA5ED200040DD85 /* DesignPatternHeaderCollectionReusableView.h */,
				062E2CA81EA5ED200040DD85 /* DesignPatternHeaderCollectionReusableView.m */,
			);
			path = View;
			sourceTree = "<group>";
		};
		06A7EAF41E9B126F0054D69D /* ViewController */ = {
			isa = PBXGroup;
			children = (
				06A7EAF51E9B126F0054D69D /* HomeViewController.h */,
				06A7EAF61E9B126F0054D69D /* HomeViewController.m */,
			);
			path = ViewController;
			sourceTree = "<group>";
		};
		06A7EAF71E9B126F0054D69D /* ViewModel */ = {
			isa = PBXGroup;
			children = (
				06A7EB481E9CE3870054D69D /* DesignPatternViewModel.h */,
				06A7EB491E9CE3870054D69D /* DesignPatternViewModel.m */,
			);
			path = ViewModel;
			sourceTree = "<group>";
		};
/* End PBXGroup section */

/* Begin PBXNativeTarget section */
		062E2C9C1EA5E9270040DD85 /* zDesignPattern-OCTests */ = {
			isa = PBXNativeTarget;
			buildConfigurationList = 062E2CA41EA5E9270040DD85 /* Build configuration list for PBXNativeTarget "zDesignPattern-OCTests" */;
			buildPhases = (
				062E2C991EA5E9270040DD85 /* Sources */,
				062E2C9A1EA5E9270040DD85 /* Frameworks */,
				062E2C9B1EA5E9270040DD85 /* Resources */,
			);
			buildRules = (
			);
			dependencies = (
				062E2CA31EA5E9270040DD85 /* PBXTargetDependency */,
			);
			name = "zDesignPattern-OCTests";
			productName = "zDesignPattern-OCTests";
			productReference = 062E2C9D1EA5E9270040DD85 /* zDesignPattern-OCTests.xctest */;
			productType = "com.apple.product-type.bundle.unit-test";
		};
		06A7EACE1E9A3B5D0054D69D /* zDesignPattern-OC */ = {
			isa = PBXNativeTarget;
			buildConfigurationList = 06A7EAE61E9A3B5D0054D69D /* Build configuration list for PBXNativeTarget "zDesignPattern-OC" */;
			buildPhases = (
				06A7EACB1E9A3B5D0054D69D /* Sources */,
				06A7EACC1E9A3B5D0054D69D /* Frameworks */,
				06A7EACD1E9A3B5D0054D69D /* Resources */,
			);
			buildRules = (
			);
			dependencies = (
			);
			name = "zDesignPattern-OC";
			productName = "zDesignPattern-OC";
			productReference = 06A7EACF1E9A3B5D0054D69D /* zDesignPattern-OC.app */;
			productType = "com.apple.product-type.application";
		};
/* End PBXNativeTarget section */

/* Begin PBXProject section */
		06A7EAC71E9A3B5D0054D69D /* Project object */ = {
			isa = PBXProject;
			attributes = {
				LastUpgradeCheck = 0820;
				ORGANIZATIONNAME = zyh;
				TargetAttributes = {
					062E2C9C1EA5E9270040DD85 = {
						CreatedOnToolsVersion = 8.2.1;
						ProvisioningStyle = Automatic;
						TestTargetID = 06A7EACE1E9A3B5D0054D69D;
					};
					06A7EACE1E9A3B5D0054D69D = {
						CreatedOnToolsVersion = 8.2.1;
						ProvisioningStyle = Automatic;
					};
				};
			};
			buildConfigurationList = 06A7EACA1E9A3B5D0054D69D /* Build configuration list for PBXProject "zDesignPattern-OC" */;
			compatibilityVersion = "Xcode 3.2";
			developmentRegion = English;
			hasScannedForEncodings = 0;
			knownRegions = (
				en,
				Base,
			);
			mainGroup = 06A7EAC61E9A3B5D0054D69D;
			productRefGroup = 06A7EAD01E9A3B5D0054D69D /* Products */;
			projectDirPath = "";
			projectRoot = "";
			targets = (
				06A7EACE1E9A3B5D0054D69D /* zDesignPattern-OC */,
				062E2C9C1EA5E9270040DD85 /* zDesignPattern-OCTests */,
			);
		};
/* End PBXProject section */

/* Begin PBXResourcesBuildPhase section */
		062E2C9B1EA5E9270040DD85 /* Resources */ = {
			isa = PBXResourcesBuildPhase;
			buildActionMask = 2147483647;
			files = (
			);
			runOnlyForDeploymentPostprocessing = 0;
		};
		06A7EACD1E9A3B5D0054D69D /* Resources */ = {
			isa = PBXResourcesBuildPhase;
			buildActionMask = 2147483647;
			files = (
				06A7EAE21E9A3B5D0054D69D /* LaunchScreen.storyboard in Resources */,
				062E2C8A1EA4615E0040DD85 /* DesignPatternList.plist in Resources */,
				06A7EADF1E9A3B5D0054D69D /* Assets.xcassets in Resources */,
			);
			runOnlyForDeploymentPostprocessing = 0;
		};
/* End PBXResourcesBuildPhase section */

/* Begin PBXSourcesBuildPhase section */
		062E2C991EA5E9270040DD85 /* Sources */ = {
			isa = PBXSourcesBuildPhase;
			buildActionMask = 2147483647;
			files = (
				062E2CA01EA5E9270040DD85 /* zDesignPattern_OCTests.m in Sources */,
			);
			runOnlyForDeploymentPostprocessing = 0;
		};
		06A7EACB1E9A3B5D0054D69D /* Sources */ = {
			isa = PBXSourcesBuildPhase;
			buildActionMask = 2147483647;
			files = (
				06446BCA1EAB19C200C0C534 /* BuilderViewController.m in Sources */,
				06446B4B1EA74BE600C0C534 /* DatabaseLogger.m in Sources */,
				06446BD01EAB54AB00C0C534 /* ScoreOperation.m in Sources */,
				06446BC11EAB11F400C0C534 /* HeroBuilder.m in Sources */,
				06446BD61EAB5C8000C0C534 /* BinarySearch.m in Sources */,
				06446B831EA75E5700C0C534 /* SpringComboBox.m in Sources */,
				06A7EAD71E9A3B5D0054D69D /* AppDelegate.m in Sources */,
				06446BA21EA97F9000C0C534 /* PrototypeViewController.m in Sources */,
				06446B5A1EA74F3200C0C534 /* FileLoggerFactory.m in Sources */,
				06446B571EA74ED000C0C534 /* DataBaseLoggerFactory.m in Sources */,
				06446B861EA75E6F00C0C534 /* SummerComboBox.m in Sources */,
				06446B741EA75CF300C0C534 /* DPComboBox.m in Sources */,
				06446BDC1EAB68AF00C0C534 /* AdapterViewController.m in Sources */,
				062E2C8D1EA49E760040DD85 /* DesignPatternCollectionViewCell.m in Sources */,
				06446B3E1EA7336A00C0C534 /* SimpleFactoryViewController.m in Sources */,
				06446B8F1EA762CD00C0C534 /* SummerSkinFactory.m in Sources */,
				06446BBB1EAB113700C0C534 /* Actor.m in Sources */,
				06446B5D1EA7511F00C0C534 /* FactoryMethodViewController.m in Sources */,
				06446B771EA75D2600C0C534 /* SpringButton.m in Sources */,
				06446B511EA74DA800C0C534 /* LoggerFactory.m in Sources */,
				06446B4E1EA74D6500C0C534 /* FileLogger.m in Sources */,
				06A7EAD41E9A3B5D0054D69D /* main.m in Sources */,
				06446B921EA7649E00C0C534 /* AbstractFactoryViewController.m in Sources */,
				06446B8C1EA762B800C0C534 /* SpringSkinFactory.m in Sources */,
				06446BD91EAB659700C0C534 /* OperationAdapter.m in Sources */,
				06446B7D1EA75DAB00C0C534 /* SpringTextField.m in Sources */,
				06446B891EA75F0600C0C534 /* SkinFactory.m in Sources */,
				06446B7A1EA75D4200C0C534 /* SummerButton.m in Sources */,
				06446B9F1EA97C8C00C0C534 /* WeeklyLog.m in Sources */,
				06446BC41EAB122200C0C534 /* AngelBuilder.m in Sources */,
				06446B801EA75DBD00C0C534 /* SummerTextField.m in Sources */,
				06446BD31EAB55C900C0C534 /* QuickSort.m in Sources */,
				06446B481EA748C800C0C534 /* Logger.m in Sources */,
				06446AD51EA713E100C0C534 /* PieChart.m in Sources */,
				062E2C881EA45D4F0040DD85 /* DesignPatternModel.m in Sources */,
				06446BB81EAB111E00C0C534 /* ActorController.m in Sources */,
				06446B641EA75B9000C0C534 /* DPButton.m in Sources */,
				06446B961EA7699900C0C534 /* LoadBalancer.m in Sources */,
				06446B3B1EA7332500C0C534 /* zDesignPatternBaseViewController.m in Sources */,
				06446AD81EA714B300C0C534 /* ChartFactory.m in Sources */,
				06446ACF1EA712D600C0C534 /* Chart.m in Sources */,
				06446BBE1EAB11C500C0C534 /* ActorBuilder.m in Sources */,
				06446B731EA75CF300C0C534 /* DPTextField.m in Sources */,
				06446B991EA76BCD00C0C534 /* SingletonViewController.m in Sources */,
				062E2CA91EA5ED200040DD85 /* DesignPatternHeaderCollectionReusableView.m in Sources */,
				06A7EAF81E9B126F0054D69D /* HomeViewController.m in Sources */,
				06446BC71EAB123600C0C534 /* DevilBuilder.m in Sources */,
				06A7EB4A1E9CE3870054D69D /* DesignPatternViewModel.m in Sources */,
				06446B411EA738F500C0C534 /* DesignPatternVCFactory.m in Sources */,
				06446AD21EA7138200C0C534 /* HistogramChart.m in Sources */,
			);
			runOnlyForDeploymentPostprocessing = 0;
		};
/* End PBXSourcesBuildPhase section */

/* Begin PBXTargetDependency section */
		062E2CA31EA5E9270040DD85 /* PBXTargetDependency */ = {
			isa = PBXTargetDependency;
			target = 06A7EACE1E9A3B5D0054D69D /* zDesignPattern-OC */;
			targetProxy = 062E2CA21EA5E9270040DD85 /* PBXContainerItemProxy */;
		};
/* End PBXTargetDependency section */

/* Begin PBXVariantGroup section */
		06A7EAE01E9A3B5D0054D69D /* LaunchScreen.storyboard */ = {
			isa = PBXVariantGroup;
			children = (
				06A7EAE11E9A3B5D0054D69D /* Base */,
			);
			name = LaunchScreen.storyboard;
			sourceTree = "<group>";
		};
/* End PBXVariantGroup section */

/* Begin XCBuildConfiguration section */
		062E2CA51EA5E9270040DD85 /* Debug */ = {
			isa = XCBuildConfiguration;
			buildSettings = {
				BUNDLE_LOADER = "$(TEST_HOST)";
				INFOPLIST_FILE = "zDesignPattern-OCTests/Info.plist";
				LD_RUNPATH_SEARCH_PATHS = "$(inherited) @executable_path/Frameworks @loader_path/Frameworks";
				PRODUCT_BUNDLE_IDENTIFIER = "ZYH.zDesignPattern-OCTests";
				PRODUCT_NAME = "$(TARGET_NAME)";
				TEST_HOST = "$(BUILT_PRODUCTS_DIR)/zDesignPattern-OC.app/zDesignPattern-OC";
			};
			name = Debug;
		};
		062E2CA61EA5E9270040DD85 /* Release */ = {
			isa = XCBuildConfiguration;
			buildSettings = {
				BUNDLE_LOADER = "$(TEST_HOST)";
				INFOPLIST_FILE = "zDesignPattern-OCTests/Info.plist";
				LD_RUNPATH_SEARCH_PATHS = "$(inherited) @executable_path/Frameworks @loader_path/Frameworks";
				PRODUCT_BUNDLE_IDENTIFIER = "ZYH.zDesignPattern-OCTests";
				PRODUCT_NAME = "$(TARGET_NAME)";
				TEST_HOST = "$(BUILT_PRODUCTS_DIR)/zDesignPattern-OC.app/zDesignPattern-OC";
			};
			name = Release;
		};
		06A7EAE41E9A3B5D0054D69D /* Debug */ = {
			isa = XCBuildConfiguration;
			buildSettings = {
				ALWAYS_SEARCH_USER_PATHS = NO;
				CLANG_ANALYZER_NONNULL = YES;
				CLANG_CXX_LANGUAGE_STANDARD = "gnu++0x";
				CLANG_CXX_LIBRARY = "libc++";
				CLANG_ENABLE_MODULES = YES;
				CLANG_ENABLE_OBJC_ARC = YES;
				CLANG_WARN_BOOL_CONVERSION = YES;
				CLANG_WARN_CONSTANT_CONVERSION = YES;
				CLANG_WARN_DIRECT_OBJC_ISA_USAGE = YES_ERROR;
				CLANG_WARN_DOCUMENTATION_COMMENTS = YES;
				CLANG_WARN_EMPTY_BODY = YES;
				CLANG_WARN_ENUM_CONVERSION = YES;
				CLANG_WARN_INFINITE_RECURSION = YES;
				CLANG_WARN_INT_CONVERSION = YES;
				CLANG_WARN_OBJC_ROOT_CLASS = YES_ERROR;
				CLANG_WARN_SUSPICIOUS_MOVE = YES;
				CLANG_WARN_UNREACHABLE_CODE = YES;
				CLANG_WARN__DUPLICATE_METHOD_MATCH = YES;
				"CODE_SIGN_IDENTITY[sdk=iphoneos*]" = "iPhone Developer";
				COPY_PHASE_STRIP = NO;
				DEBUG_INFORMATION_FORMAT = dwarf;
				ENABLE_STRICT_OBJC_MSGSEND = YES;
				ENABLE_TESTABILITY = YES;
				GCC_C_LANGUAGE_STANDARD = gnu99;
				GCC_DYNAMIC_NO_PIC = NO;
				GCC_NO_COMMON_BLOCKS = YES;
				GCC_OPTIMIZATION_LEVEL = 0;
				GCC_PREPROCESSOR_DEFINITIONS = (
					"DEBUG=1",
					"$(inherited)",
				);
				GCC_WARN_64_TO_32_BIT_CONVERSION = YES;
				GCC_WARN_ABOUT_RETURN_TYPE = YES_ERROR;
				GCC_WARN_UNDECLARED_SELECTOR = YES;
				GCC_WARN_UNINITIALIZED_AUTOS = YES_AGGRESSIVE;
				GCC_WARN_UNUSED_FUNCTION = YES;
				GCC_WARN_UNUSED_VARIABLE = YES;
				IPHONEOS_DEPLOYMENT_TARGET = 10.2;
				MTL_ENABLE_DEBUG_INFO = YES;
				ONLY_ACTIVE_ARCH = YES;
				SDKROOT = iphoneos;
			};
			name = Debug;
		};
		06A7EAE51E9A3B5D0054D69D /* Release */ = {
			isa = XCBuildConfiguration;
			buildSettings = {
				ALWAYS_SEARCH_USER_PATHS = NO;
				CLANG_ANALYZER_NONNULL = YES;
				CLANG_CXX_LANGUAGE_STANDARD = "gnu++0x";
				CLANG_CXX_LIBRARY = "libc++";
				CLANG_ENABLE_MODULES = YES;
				CLANG_ENABLE_OBJC_ARC = YES;
				CLANG_WARN_BOOL_CONVERSION = YES;
				CLANG_WARN_CONSTANT_CONVERSION = YES;
				CLANG_WARN_DIRECT_OBJC_ISA_USAGE = YES_ERROR;
				CLANG_WARN_DOCUMENTATION_COMMENTS = YES;
				CLANG_WARN_EMPTY_BODY = YES;
				CLANG_WARN_ENUM_CONVERSION = YES;
				CLANG_WARN_INFINITE_RECURSION = YES;
				CLANG_WARN_INT_CONVERSION = YES;
				CLANG_WARN_OBJC_ROOT_CLASS = YES_ERROR;
				CLANG_WARN_SUSPICIOUS_MOVE = YES;
				CLANG_WARN_UNREACHABLE_CODE = YES;
				CLANG_WARN__DUPLICATE_METHOD_MATCH = YES;
				"CODE_SIGN_IDENTITY[sdk=iphoneos*]" = "iPhone Developer";
				COPY_PHASE_STRIP = NO;
				DEBUG_INFORMATION_FORMAT = "dwarf-with-dsym";
				ENABLE_NS_ASSERTIONS = NO;
				ENABLE_STRICT_OBJC_MSGSEND = YES;
				GCC_C_LANGUAGE_STANDARD = gnu99;
				GCC_NO_COMMON_BLOCKS = YES;
				GCC_WARN_64_TO_32_BIT_CONVERSION = YES;
				GCC_WARN_ABOUT_RETURN_TYPE = YES_ERROR;
				GCC_WARN_UNDECLARED_SELECTOR = YES;
				GCC_WARN_UNINITIALIZED_AUTOS = YES_AGGRESSIVE;
				GCC_WARN_UNUSED_FUNCTION = YES;
				GCC_WARN_UNUSED_VARIABLE = YES;
				IPHONEOS_DEPLOYMENT_TARGET = 10.2;
				MTL_ENABLE_DEBUG_INFO = NO;
				SDKROOT = iphoneos;
				VALIDATE_PRODUCT = YES;
			};
			name = Release;
		};
		06A7EAE71E9A3B5D0054D69D /* Debug */ = {
			isa = XCBuildConfiguration;
			buildSettings = {
				ASSETCATALOG_COMPILER_APPICON_NAME = AppIcon;
				INFOPLIST_FILE = "zDesignPattern-OC/Info.plist";
				LD_RUNPATH_SEARCH_PATHS = "$(inherited) @executable_path/Frameworks";
				PRODUCT_BUNDLE_IDENTIFIER = "ZYH.zDesignPattern-OC";
				PRODUCT_NAME = "$(TARGET_NAME)";
			};
			name = Debug;
		};
		06A7EAE81E9A3B5D0054D69D /* Release */ = {
			isa = XCBuildConfiguration;
			buildSettings = {
				ASSETCATALOG_COMPILER_APPICON_NAME = AppIcon;
				INFOPLIST_FILE = "zDesignPattern-OC/Info.plist";
				LD_RUNPATH_SEARCH_PATHS = "$(inherited) @executable_path/Frameworks";
				PRODUCT_BUNDLE_IDENTIFIER = "ZYH.zDesignPattern-OC";
				PRODUCT_NAME = "$(TARGET_NAME)";
			};
			name = Release;
		};
/* End XCBuildConfiguration section */

/* Begin XCConfigurationList section */
		062E2CA41EA5E9270040DD85 /* Build configuration list for PBXNativeTarget "zDesignPattern-OCTests" */ = {
			isa = XCConfigurationList;
			buildConfigurations = (
				062E2CA51EA5E9270040DD85 /* Debug */,
				062E2CA61EA5E9270040DD85 /* Release */,
			);
			defaultConfigurationIsVisible = 0;
			defaultConfigurationName = Release;
		};
		06A7EACA1E9A3B5D0054D69D /* Build configuration list for PBXProject "zDesignPattern-OC" */ = {
			isa = XCConfigurationList;
			buildConfigurations = (
				06A7EAE41E9A3B5D0054D69D /* Debug */,
				06A7EAE51E9A3B5D0054D69D /* Release */,
			);
			defaultConfigurationIsVisible = 0;
			defaultConfigurationName = Release;
		};
		06A7EAE61E9A3B5D0054D69D /* Build configuration list for PBXNativeTarget "zDesignPattern-OC" */ = {
			isa = XCConfigurationList;
			buildConfigurations = (
				06A7EAE71E9A3B5D0054D69D /* Debug */,
				06A7EAE81E9A3B5D0054D69D /* Release */,
			);
			defaultConfigurationIsVisible = 0;
			defaultConfigurationName = Release;
		};
/* End XCConfigurationList section */
	};
	rootObject = 06A7EAC71E9A3B5D0054D69D /* Project object */;
}
